# This file is automatically @generated by Poetry 1.5.1 and should not be changed by hand.

[[package]]
name = "boto3"
version = "1.34.48"
description = "The AWS SDK for Python"
optional = false
python-versions = ">= 3.8"
files = [
    {file = "boto3-1.34.48-py3-none-any.whl", hash = "sha256:adc785ff05aec9fc93f82d507420b320203cd4fd011c67eb369b3aa2b5aeb298"},
    {file = "boto3-1.34.48.tar.gz", hash = "sha256:f9873c3f03de546d7297475c6acd771840c385521caadb8c121a1ac38bc59cd4"},
]

[package.dependencies]
botocore = ">=1.34.48,<1.35.0"
jmespath = ">=0.7.1,<2.0.0"
s3transfer = ">=0.10.0,<0.11.0"

[package.extras]
crt = ["botocore[crt] (>=1.21.0,<2.0a0)"]

[[package]]
name = "botocore"
version = "1.34.48"
description = "Low-level, data-driven core of boto 3."
optional = false
python-versions = ">= 3.8"
files = [
    {file = "botocore-1.34.48-py3-none-any.whl", hash = "sha256:f3e1c84fa75fd6921dfbfb4b2f803bcc424b9b866982fe80e08edbd26ca9861c"},
    {file = "botocore-1.34.48.tar.gz", hash = "sha256:eabdde36309274b76bb79ae9bdfa10c1fd91a2c9b3343cfa15b8a91f8e1ec224"},
]

[package.dependencies]
jmespath = ">=0.7.1,<2.0.0"
python-dateutil = ">=2.1,<3.0.0"
urllib3 = {version = ">=1.25.4,<2.1", markers = "python_version >= \"3.10\""}

[package.extras]
crt = ["awscrt (==0.19.19)"]

[[package]]
name = "colorama"
version = "0.4.6"
description = "Cross-platform colored terminal text."
optional = false
python-versions = "!=3.0.*,!=3.1.*,!=3.2.*,!=3.3.*,!=3.4.*,!=3.5.*,!=3.6.*,>=2.7"
files = [
    {file = "colorama-0.4.6-py2.py3-none-any.whl", hash = "sha256:4f1d9991f5acc0ca119f9d443620b77f9d6b33703e51011c16baf57afb285fc6"},
    {file = "colorama-0.4.6.tar.gz", hash = "sha256:08695f5cb7ed6e0531a20572697297273c47b8cae5a63ffc6d6ed5c201be6e44"},
]

[[package]]
name = "crhelper"
version = "2.0.11"
description = "crhelper simplifies authoring CloudFormation Custom Resources"
optional = false
python-versions = "*"
files = [
    {file = "crhelper-2.0.11-py3-none-any.whl", hash = "sha256:0c1f703a830722379d205d58ca4f0da768c0b10670ddce46af31ba9661bf2d5a"},
    {file = "crhelper-2.0.11.tar.gz", hash = "sha256:da9efe4fb57d86f0567fddc999ae1c242ea9602c95b165b09e00d435c3845ef0"},
]

[[package]]
name = "jmespath"
version = "1.0.1"
description = "JSON Matching Expressions"
optional = false
python-versions = ">=3.7"
files = [
    {file = "jmespath-1.0.1-py3-none-any.whl", hash = "sha256:02e2e4cc71b5bcab88332eebf907519190dd9e6e82107fa7f83b1003a6252980"},
    {file = "jmespath-1.0.1.tar.gz", hash = "sha256:90261b206d6defd58fdd5e85f478bf633a2901798906be2ad389150c5c60edbe"},
]

[[package]]
name = "loguru"
version = "0.7.2"
description = "Python logging made (stupidly) simple"
optional = false
python-versions = ">=3.5"
files = [
    {file = "loguru-0.7.2-py3-none-any.whl", hash = "sha256:003d71e3d3ed35f0f8984898359d65b79e5b21943f78af86aa5491210429b8eb"},
    {file = "loguru-0.7.2.tar.gz", hash = "sha256:e671a53522515f34fd406340ee968cb9ecafbc4b36c679da03c18fd8d0bd51ac"},
]

[package.dependencies]
colorama = {version = ">=0.3.4", markers = "sys_platform == \"win32\""}
win32-setctime = {version = ">=1.0.0", markers = "sys_platform == \"win32\""}

[package.extras]
dev = ["Sphinx (==7.2.5)", "colorama (==0.4.5)", "colorama (==0.4.6)", "exceptiongroup (==1.1.3)", "freezegun (==1.1.0)", "freezegun (==1.2.2)", "mypy (==v0.910)", "mypy (==v0.971)", "mypy (==v1.4.1)", "mypy (==v1.5.1)", "pre-commit (==3.4.0)", "pytest (==6.1.2)", "pytest (==7.4.0)", "pytest-cov (==2.12.1)", "pytest-cov (==4.1.0)", "pytest-mypy-plugins (==1.9.3)", "pytest-mypy-plugins (==3.0.0)", "sphinx-autobuild (==2021.3.14)", "sphinx-rtd-theme (==1.3.0)", "tox (==3.27.1)", "tox (==4.11.0)"]

[[package]]
name = "python-dateutil"
version = "2.8.2"
description = "Extensions to the standard Python datetime module"
optional = false
python-versions = "!=3.0.*,!=3.1.*,!=3.2.*,>=2.7"
files = [
    {file = "python-dateutil-2.8.2.tar.gz", hash = "sha256:0123cacc1627ae19ddf3c27a5de5bd67ee4586fbdd6440d9748f8abb483d3e86"},
    {file = "python_dateutil-2.8.2-py2.py3-none-any.whl", hash = "sha256:961d03dc3453ebbc59dbdea9e4e11c5651520a876d0f4db161e8674aae935da9"},
]

[package.dependencies]
six = ">=1.5"

[[package]]
name = "s3transfer"
version = "0.10.0"
description = "An Amazon S3 Transfer Manager"
optional = false
python-versions = ">= 3.8"
files = [
    {file = "s3transfer-0.10.0-py3-none-any.whl", hash = "sha256:3cdb40f5cfa6966e812209d0994f2a4709b561c88e90cf00c2696d2df4e56b2e"},
    {file = "s3transfer-0.10.0.tar.gz", hash = "sha256:d0c8bbf672d5eebbe4e57945e23b972d963f07d82f661cabf678a5c88831595b"},
]

[package.dependencies]
botocore = ">=1.33.2,<2.0a.0"

[package.extras]
crt = ["botocore[crt] (>=1.33.2,<2.0a.0)"]

[[package]]
name = "simplejson"
version = "3.19.2"
description = "Simple, fast, extensible JSON encoder/decoder for Python"
optional = false
python-versions = ">=2.5, !=3.0.*, !=3.1.*, !=3.2.*"
files = [
    {file = "simplejson-3.19.2-cp27-cp27m-macosx_10_9_x86_64.whl", hash = "sha256:3471e95110dcaf901db16063b2e40fb394f8a9e99b3fe9ee3acc6f6ef72183a2"},
    {file = "simplejson-3.19.2-cp27-cp27m-manylinux1_i686.whl", hash = "sha256:3194cd0d2c959062b94094c0a9f8780ffd38417a5322450a0db0ca1a23e7fbd2"},
    {file = "simplejson-3.19.2-cp27-cp27m-manylinux1_x86_64.whl", hash = "sha256:8a390e56a7963e3946ff2049ee1eb218380e87c8a0e7608f7f8790ba19390867"},
    {file = "simplejson-3.19.2-cp27-cp27m-manylinux2010_i686.whl", hash = "sha256:1537b3dd62d8aae644f3518c407aa8469e3fd0f179cdf86c5992792713ed717a"},
    {file = "simplejson-3.19.2-cp27-cp27m-manylinux2010_x86_64.whl", hash = "sha256:a8617625369d2d03766413bff9e64310feafc9fc4f0ad2b902136f1a5cd8c6b0"},
    {file = "simplejson-3.19.2-cp27-cp27mu-manylinux1_i686.whl", hash = "sha256:2c433a412e96afb9a3ce36fa96c8e61a757af53e9c9192c97392f72871e18e69"},
    {file = "simplejson-3.19.2-cp27-cp27mu-manylinux1_x86_64.whl", hash = "sha256:f1c70249b15e4ce1a7d5340c97670a95f305ca79f376887759b43bb33288c973"},
    {file = "simplejson-3.19.2-cp27-cp27mu-manylinux2010_i686.whl", hash = "sha256:287e39ba24e141b046812c880f4619d0ca9e617235d74abc27267194fc0c7835"},
    {file = "simplejson-3.19.2-cp27-cp27mu-manylinux2010_x86_64.whl", hash = "sha256:6f0a0b41dd05eefab547576bed0cf066595f3b20b083956b1405a6f17d1be6ad"},
    {file = "simplejson-3.19.2-cp310-cp310-macosx_10_9_universal2.whl", hash = "sha256:2f98d918f7f3aaf4b91f2b08c0c92b1774aea113334f7cde4fe40e777114dbe6"},
    {file = "simplejson-3.19.2-cp310-cp310-macosx_10_9_x86_64.whl", hash = "sha256:7d74beca677623481810c7052926365d5f07393c72cbf62d6cce29991b676402"},
    {file = "simplejson-3.19.2-cp310-cp310-macosx_11_0_arm64.whl", hash = "sha256:7f2398361508c560d0bf1773af19e9fe644e218f2a814a02210ac2c97ad70db0"},
    {file = "simplejson-3.19.2-cp310-cp310-manylinux_2_17_aarch64.manylinux2014_aarch64.whl", hash = "sha256:6ad331349b0b9ca6da86064a3599c425c7a21cd41616e175ddba0866da32df48"},
    {file = "simplejson-3.19.2-cp310-cp310-manylinux_2_17_ppc64le.manylinux2014_ppc64le.whl", hash = "sha256:332c848f02d71a649272b3f1feccacb7e4f7e6de4a2e6dc70a32645326f3d428"},
    {file = "simplejson-3.19.2-cp310-cp310-manylinux_2_5_i686.manylinux1_i686.manylinux_2_17_i686.manylinux2014_i686.whl", hash = "sha256:25785d038281cd106c0d91a68b9930049b6464288cea59ba95b35ee37c2d23a5"},
    {file = "simplejson-3.19.2-cp310-cp310-manylinux_2_5_x86_64.manylinux1_x86_64.manylinux_2_17_x86_64.manylinux2014_x86_64.whl", hash = "sha256:18955c1da6fc39d957adfa346f75226246b6569e096ac9e40f67d102278c3bcb"},
    {file = "simplejson-3.19.2-cp310-cp310-musllinux_1_1_aarch64.whl", hash = "sha256:11cc3afd8160d44582543838b7e4f9aa5e97865322844b75d51bf4e0e413bb3e"},
    {file = "simplejson-3.19.2-cp310-cp310-musllinux_1_1_i686.whl", hash = "sha256:b01fda3e95d07a6148702a641e5e293b6da7863f8bc9b967f62db9461330562c"},
    {file = "simplejson-3.19.2-cp310-cp310-musllinux_1_1_ppc64le.whl", hash = "sha256:778331444917108fa8441f59af45886270d33ce8a23bfc4f9b192c0b2ecef1b3"},
    {file = "simplejson-3.19.2-cp310-cp310-musllinux_1_1_x86_64.whl", hash = "sha256:9eb117db8d7ed733a7317c4215c35993b815bf6aeab67523f1f11e108c040672"},
    {file = "simplejson-3.19.2-cp310-cp310-win32.whl", hash = "sha256:39b6d79f5cbfa3eb63a869639cfacf7c41d753c64f7801efc72692c1b2637ac7"},
    {file = "simplejson-3.19.2-cp310-cp310-win_amd64.whl", hash = "sha256:5675e9d8eeef0aa06093c1ff898413ade042d73dc920a03e8cea2fb68f62445a"},
    {file = "simplejson-3.19.2-cp311-cp311-macosx_10_9_universal2.whl", hash = "sha256:ed628c1431100b0b65387419551e822987396bee3c088a15d68446d92f554e0c"},
    {file = "simplejson-3.19.2-cp311-cp311-macosx_10_9_x86_64.whl", hash = "sha256:adcb3332979cbc941b8fff07181f06d2b608625edc0a4d8bc3ffc0be414ad0c4"},
    {file = "simplejson-3.19.2-cp311-cp311-macosx_11_0_arm64.whl", hash = "sha256:08889f2f597ae965284d7b52a5c3928653a9406d88c93e3161180f0abc2433ba"},
    {file = "simplejson-3.19.2-cp311-cp311-manylinux_2_17_aarch64.manylinux2014_aarch64.whl", hash = "sha256:ef7938a78447174e2616be223f496ddccdbf7854f7bf2ce716dbccd958cc7d13"},
    {file = "simplejson-3.19.2-cp311-cp311-manylinux_2_17_ppc64le.manylinux2014_ppc64le.whl", hash = "sha256:a970a2e6d5281d56cacf3dc82081c95c1f4da5a559e52469287457811db6a79b"},
    {file = "simplejson-3.19.2-cp311-cp311-manylinux_2_5_i686.manylinux1_i686.manylinux_2_17_i686.manylinux2014_i686.whl", hash = "sha256:554313db34d63eac3b3f42986aa9efddd1a481169c12b7be1e7512edebff8eaf"},
    {file = "simplejson-3.19.2-cp311-cp311-manylinux_2_5_x86_64.manylinux1_x86_64.manylinux_2_17_x86_64.manylinux2014_x86_64.whl", hash = "sha256:4d36081c0b1c12ea0ed62c202046dca11438bee48dd5240b7c8de8da62c620e9"},
    {file = "simplejson-3.19.2-cp311-cp311-musllinux_1_1_aarch64.whl", hash = "sha256:a3cd18e03b0ee54ea4319cdcce48357719ea487b53f92a469ba8ca8e39df285e"},
    {file = "simplejson-3.19.2-cp311-cp311-musllinux_1_1_i686.whl", hash = "sha256:66e5dc13bfb17cd6ee764fc96ccafd6e405daa846a42baab81f4c60e15650414"},
    {file = "simplejson-3.19.2-cp311-cp311-musllinux_1_1_ppc64le.whl", hash = "sha256:972a7833d4a1fcf7a711c939e315721a88b988553fc770a5b6a5a64bd6ebeba3"},
    {file = "simplejson-3.19.2-cp311-cp311-musllinux_1_1_x86_64.whl", hash = "sha256:3e74355cb47e0cd399ead3477e29e2f50e1540952c22fb3504dda0184fc9819f"},
    {file = "simplejson-3.19.2-cp311-cp311-win32.whl", hash = "sha256:1dd4f692304854352c3e396e9b5f0a9c9e666868dd0bdc784e2ac4c93092d87b"},
    {file = "simplejson-3.19.2-cp311-cp311-win_amd64.whl", hash = "sha256:9300aee2a8b5992d0f4293d88deb59c218989833e3396c824b69ba330d04a589"},
    {file = "simplejson-3.19.2-cp312-cp312-macosx_10_9_universal2.whl", hash = "sha256:b8d940fd28eb34a7084877747a60873956893e377f15a32ad445fe66c972c3b8"},
    {file = "simplejson-3.19.2-cp312-cp312-macosx_10_9_x86_64.whl", hash = "sha256:4969d974d9db826a2c07671273e6b27bc48e940738d768fa8f33b577f0978378"},
    {file = "simplejson-3.19.2-cp312-cp312-macosx_11_0_arm64.whl", hash = "sha256:c594642d6b13d225e10df5c16ee15b3398e21a35ecd6aee824f107a625690374"},
    {file = "simplejson-3.19.2-cp312-cp312-manylinux_2_17_aarch64.manylinux2014_aarch64.whl", hash = "sha256:e2f5a398b5e77bb01b23d92872255e1bcb3c0c719a3be40b8df146570fe7781a"},
    {file = "simplejson-3.19.2-cp312-cp312-manylinux_2_17_ppc64le.manylinux2014_ppc64le.whl", hash = "sha256:176a1b524a3bd3314ed47029a86d02d5a95cc0bee15bd3063a1e1ec62b947de6"},
    {file = "simplejson-3.19.2-cp312-cp312-manylinux_2_5_i686.manylinux1_i686.manylinux_2_17_i686.manylinux2014_i686.whl", hash = "sha256:f3c7363a8cb8c5238878ec96c5eb0fc5ca2cb11fc0c7d2379863d342c6ee367a"},
    {file = "simplejson-3.19.2-cp312-cp312-manylinux_2_5_x86_64.manylinux1_x86_64.manylinux_2_17_x86_64.manylinux2014_x86_64.whl", hash = "sha256:346820ae96aa90c7d52653539a57766f10f33dd4be609206c001432b59ddf89f"},
    {file = "simplejson-3.19.2-cp312-cp312-musllinux_1_1_aarch64.whl", hash = "sha256:de9a2792612ec6def556d1dc621fd6b2073aff015d64fba9f3e53349ad292734"},
    {file = "simplejson-3.19.2-cp312-cp312-musllinux_1_1_i686.whl", hash = "sha256:1c768e7584c45094dca4b334af361e43b0aaa4844c04945ac7d43379eeda9bc2"},
    {file = "simplejson-3.19.2-cp312-cp312-musllinux_1_1_ppc64le.whl", hash = "sha256:9652e59c022e62a5b58a6f9948b104e5bb96d3b06940c6482588176f40f4914b"},
    {file = "simplejson-3.19.2-cp312-cp312-musllinux_1_1_x86_64.whl", hash = "sha256:9c1a4393242e321e344213a90a1e3bf35d2f624aa8b8f6174d43e3c6b0e8f6eb"},
    {file = "simplejson-3.19.2-cp312-cp312-win32.whl", hash = "sha256:7cb98be113911cb0ad09e5523d0e2a926c09a465c9abb0784c9269efe4f95917"},
    {file = "simplejson-3.19.2-cp312-cp312-win_amd64.whl", hash = "sha256:6779105d2fcb7fcf794a6a2a233787f6bbd4731227333a072d8513b252ed374f"},
    {file = "simplejson-3.19.2-cp36-cp36m-macosx_10_9_x86_64.whl", hash = "sha256:061e81ea2d62671fa9dea2c2bfbc1eec2617ae7651e366c7b4a2baf0a8c72cae"},
    {file = "simplejson-3.19.2-cp36-cp36m-manylinux_2_17_aarch64.manylinux2014_aarch64.whl", hash = "sha256:4280e460e51f86ad76dc456acdbfa9513bdf329556ffc8c49e0200878ca57816"},
    {file = "simplejson-3.19.2-cp36-cp36m-manylinux_2_17_ppc64le.manylinux2014_ppc64le.whl", hash = "sha256:11c39fbc4280d7420684494373b7c5904fa72a2b48ef543a56c2d412999c9e5d"},
    {file = "simplejson-3.19.2-cp36-cp36m-manylinux_2_5_i686.manylinux1_i686.manylinux_2_17_i686.manylinux2014_i686.whl", hash = "sha256:bccb3e88ec26ffa90f72229f983d3a5d1155e41a1171190fa723d4135523585b"},
    {file = "simplejson-3.19.2-cp36-cp36m-manylinux_2_5_x86_64.manylinux1_x86_64.manylinux_2_17_x86_64.manylinux2014_x86_64.whl", hash = "sha256:1bb5b50dc6dd671eb46a605a3e2eb98deb4a9af787a08fcdddabe5d824bb9664"},
    {file = "simplejson-3.19.2-cp36-cp36m-musllinux_1_1_aarch64.whl", hash = "sha256:d94245caa3c61f760c4ce4953cfa76e7739b6f2cbfc94cc46fff6c050c2390c5"},
    {file = "simplejson-3.19.2-cp36-cp36m-musllinux_1_1_i686.whl", hash = "sha256:d0e5ffc763678d48ecc8da836f2ae2dd1b6eb2d27a48671066f91694e575173c"},
    {file = "simplejson-3.19.2-cp36-cp36m-musllinux_1_1_ppc64le.whl", hash = "sha256:d222a9ed082cd9f38b58923775152003765016342a12f08f8c123bf893461f28"},
    {file = "simplejson-3.19.2-cp36-cp36m-musllinux_1_1_x86_64.whl", hash = "sha256:8434dcdd347459f9fd9c526117c01fe7ca7b016b6008dddc3c13471098f4f0dc"},
    {file = "simplejson-3.19.2-cp36-cp36m-win32.whl", hash = "sha256:c9ac1c2678abf9270e7228133e5b77c6c3c930ad33a3c1dfbdd76ff2c33b7b50"},
    {file = "simplejson-3.19.2-cp36-cp36m-win_amd64.whl", hash = "sha256:92c4a4a2b1f4846cd4364855cbac83efc48ff5a7d7c06ba014c792dd96483f6f"},
    {file = "simplejson-3.19.2-cp37-cp37m-macosx_10_9_x86_64.whl", hash = "sha256:0d551dc931638e2102b8549836a1632e6e7cf620af3d093a7456aa642bff601d"},
    {file = "simplejson-3.19.2-cp37-cp37m-manylinux_2_17_aarch64.manylinux2014_aarch64.whl", hash = "sha256:73a8a4653f2e809049999d63530180d7b5a344b23a793502413ad1ecea9a0290"},
    {file = "simplejson-3.19.2-cp37-cp37m-manylinux_2_17_ppc64le.manylinux2014_ppc64le.whl", hash = "sha256:40847f617287a38623507d08cbcb75d51cf9d4f9551dd6321df40215128325a3"},
    {file = "simplejson-3.19.2-cp37-cp37m-manylinux_2_5_i686.manylinux1_i686.manylinux_2_17_i686.manylinux2014_i686.whl", hash = "sha256:be893258d5b68dd3a8cba8deb35dc6411db844a9d35268a8d3793b9d9a256f80"},
    {file = "simplejson-3.19.2-cp37-cp37m-manylinux_2_5_x86_64.manylinux1_x86_64.manylinux_2_17_x86_64.manylinux2014_x86_64.whl", hash = "sha256:e9eb3cff1b7d71aa50c89a0536f469cb8d6dcdd585d8f14fb8500d822f3bdee4"},
    {file = "simplejson-3.19.2-cp37-cp37m-musllinux_1_1_aarch64.whl", hash = "sha256:d0f402e787e6e7ee7876c8b05e2fe6464820d9f35ba3f172e95b5f8b699f6c7f"},
    {file = "simplejson-3.19.2-cp37-cp37m-musllinux_1_1_i686.whl", hash = "sha256:fbbcc6b0639aa09b9649f36f1bcb347b19403fe44109948392fbb5ea69e48c3e"},
    {file = "simplejson-3.19.2-cp37-cp37m-musllinux_1_1_ppc64le.whl", hash = "sha256:2fc697be37585eded0c8581c4788fcfac0e3f84ca635b73a5bf360e28c8ea1a2"},
    {file = "simplejson-3.19.2-cp37-cp37m-musllinux_1_1_x86_64.whl", hash = "sha256:0b0a3eb6dd39cce23801a50c01a0976971498da49bc8a0590ce311492b82c44b"},
    {file = "simplejson-3.19.2-cp37-cp37m-win32.whl", hash = "sha256:49f9da0d6cd17b600a178439d7d2d57c5ef01f816b1e0e875e8e8b3b42db2693"},
    {file = "simplejson-3.19.2-cp37-cp37m-win_amd64.whl", hash = "sha256:c87c22bd6a987aca976e3d3e23806d17f65426191db36d40da4ae16a6a494cbc"},
    {file = "simplejson-3.19.2-cp38-cp38-macosx_10_9_universal2.whl", hash = "sha256:9e4c166f743bb42c5fcc60760fb1c3623e8fda94f6619534217b083e08644b46"},
    {file = "simplejson-3.19.2-cp38-cp38-macosx_10_9_x86_64.whl", hash = "sha256:0a48679310e1dd5c9f03481799311a65d343748fe86850b7fb41df4e2c00c087"},
    {file = "simplejson-3.19.2-cp38-cp38-macosx_11_0_arm64.whl", hash = "sha256:c0521e0f07cb56415fdb3aae0bbd8701eb31a9dfef47bb57206075a0584ab2a2"},
    {file = "simplejson-3.19.2-cp38-cp38-manylinux_2_17_aarch64.manylinux2014_aarch64.whl", hash = "sha256:0d2d5119b1d7a1ed286b8af37357116072fc96700bce3bec5bb81b2e7057ab41"},
    {file = "simplejson-3.19.2-cp38-cp38-manylinux_2_17_ppc64le.manylinux2014_ppc64le.whl", hash = "sha256:2c1467d939932901a97ba4f979e8f2642415fcf02ea12f53a4e3206c9c03bc17"},
    {file = "simplejson-3.19.2-cp38-cp38-manylinux_2_5_i686.manylinux1_i686.manylinux_2_17_i686.manylinux2014_i686.whl", hash = "sha256:49aaf4546f6023c44d7e7136be84a03a4237f0b2b5fb2b17c3e3770a758fc1a0"},
    {file = "simplejson-3.19.2-cp38-cp38-manylinux_2_5_x86_64.manylinux1_x86_64.manylinux_2_17_x86_64.manylinux2014_x86_64.whl", hash = "sha256:60848ab779195b72382841fc3fa4f71698a98d9589b0a081a9399904487b5832"},
    {file = "simplejson-3.19.2-cp38-cp38-musllinux_1_1_aarch64.whl", hash = "sha256:0436a70d8eb42bea4fe1a1c32d371d9bb3b62c637969cb33970ad624d5a3336a"},
    {file = "simplejson-3.19.2-cp38-cp38-musllinux_1_1_i686.whl", hash = "sha256:49e0e3faf3070abdf71a5c80a97c1afc059b4f45a5aa62de0c2ca0444b51669b"},
    {file = "simplejson-3.19.2-cp38-cp38-musllinux_1_1_ppc64le.whl", hash = "sha256:ff836cd4041e16003549449cc0a5e372f6b6f871eb89007ab0ee18fb2800fded"},
    {file = "simplejson-3.19.2-cp38-cp38-musllinux_1_1_x86_64.whl", hash = "sha256:3848427b65e31bea2c11f521b6fc7a3145d6e501a1038529da2391aff5970f2f"},
    {file = "simplejson-3.19.2-cp38-cp38-win32.whl", hash = "sha256:3f39bb1f6e620f3e158c8b2eaf1b3e3e54408baca96a02fe891794705e788637"},
    {file = "simplejson-3.19.2-cp38-cp38-win_amd64.whl", hash = "sha256:0405984f3ec1d3f8777c4adc33eac7ab7a3e629f3b1c05fdded63acc7cf01137"},
    {file = "simplejson-3.19.2-cp39-cp39-macosx_10_9_universal2.whl", hash = "sha256:445a96543948c011a3a47c8e0f9d61e9785df2544ea5be5ab3bc2be4bd8a2565"},
    {file = "simplejson-3.19.2-cp39-cp39-macosx_10_9_x86_64.whl", hash = "sha256:4a8c3cc4f9dfc33220246760358c8265dad6e1104f25f0077bbca692d616d358"},
    {file = "simplejson-3.19.2-cp39-cp39-macosx_11_0_arm64.whl", hash = "sha256:af9c7e6669c4d0ad7362f79cb2ab6784d71147503e62b57e3d95c4a0f222c01c"},
    {file = "simplejson-3.19.2-cp39-cp39-manylinux_2_17_aarch64.manylinux2014_aarch64.whl", hash = "sha256:064300a4ea17d1cd9ea1706aa0590dcb3be81112aac30233823ee494f02cb78a"},
    {file = "simplejson-3.19.2-cp39-cp39-manylinux_2_17_ppc64le.manylinux2014_ppc64le.whl", hash = "sha256:9453419ea2ab9b21d925d0fd7e3a132a178a191881fab4169b6f96e118cc25bb"},
    {file = "simplejson-3.19.2-cp39-cp39-manylinux_2_5_i686.manylinux1_i686.manylinux_2_17_i686.manylinux2014_i686.whl", hash = "sha256:9e038c615b3906df4c3be8db16b3e24821d26c55177638ea47b3f8f73615111c"},
    {file = "simplejson-3.19.2-cp39-cp39-manylinux_2_5_x86_64.manylinux1_x86_64.manylinux_2_17_x86_64.manylinux2014_x86_64.whl", hash = "sha256:16ca9c90da4b1f50f089e14485db8c20cbfff2d55424062791a7392b5a9b3ff9"},
    {file = "simplejson-3.19.2-cp39-cp39-musllinux_1_1_aarch64.whl", hash = "sha256:1018bd0d70ce85f165185d2227c71e3b1e446186f9fa9f971b69eee223e1e3cd"},
    {file = "simplejson-3.19.2-cp39-cp39-musllinux_1_1_i686.whl", hash = "sha256:e8dd53a8706b15bc0e34f00e6150fbefb35d2fd9235d095b4f83b3c5ed4fa11d"},
    {file = "simplejson-3.19.2-cp39-cp39-musllinux_1_1_ppc64le.whl", hash = "sha256:2d022b14d7758bfb98405672953fe5c202ea8a9ccf9f6713c5bd0718eba286fd"},
    {file = "simplejson-3.19.2-cp39-cp39-musllinux_1_1_x86_64.whl", hash = "sha256:febffa5b1eda6622d44b245b0685aff6fb555ce0ed734e2d7b1c3acd018a2cff"},
    {file = "simplejson-3.19.2-cp39-cp39-win32.whl", hash = "sha256:4edcd0bf70087b244ba77038db23cd98a1ace2f91b4a3ecef22036314d77ac23"},
    {file = "simplejson-3.19.2-cp39-cp39-win_amd64.whl", hash = "sha256:aad7405c033d32c751d98d3a65801e2797ae77fac284a539f6c3a3e13005edc4"},
    {file = "simplejson-3.19.2-py3-none-any.whl", hash = "sha256:bcedf4cae0d47839fee7de344f96b5694ca53c786f28b5f773d4f0b265a159eb"},
    {file = "simplejson-3.19.2.tar.gz", hash = "sha256:9eb442a2442ce417801c912df68e1f6ccfcd41577ae7274953ab3ad24ef7d82c"},
]

[[package]]
name = "six"
version = "1.16.0"
description = "Python 2 and 3 compatibility utilities"
optional = false
python-versions = ">=2.7, !=3.0.*, !=3.1.*, !=3.2.*"
files = [
    {file = "six-1.16.0-py2.py3-none-any.whl", hash = "sha256:8abb2f1d86890a2dfb989f9a77cfcfd3e47c2a354b01111771326f8aa26e0254"},
    {file = "six-1.16.0.tar.gz", hash = "sha256:1e61c37477a1626458e36f7b1d82aa5c9b094fa4802892072e49de9c60c4c926"},
]

[[package]]
name = "urllib3"
version = "2.0.7"
description = "HTTP library with thread-safe connection pooling, file post, and more."
optional = false
python-versions = ">=3.7"
files = [
    {file = "urllib3-2.0.7-py3-none-any.whl", hash = "sha256:fdb6d215c776278489906c2f8916e6e7d4f5a9b602ccbcfdf7f016fc8da0596e"},
    {file = "urllib3-2.0.7.tar.gz", hash = "sha256:c97dfde1f7bd43a71c8d2a58e369e9b2bf692d1334ea9f9cae55add7d0dd0f84"},
]

[package.extras]
brotli = ["brotli (>=1.0.9)", "brotlicffi (>=0.8.0)"]
secure = ["certifi", "cryptography (>=1.9)", "idna (>=2.0.0)", "pyopenssl (>=17.1.0)", "urllib3-secure-extra"]
socks = ["pysocks (>=1.5.6,!=1.5.7,<2.0)"]
zstd = ["zstandard (>=0.18.0)"]

[[package]]
name = "win32-setctime"
version = "1.1.0"
description = "A small Python utility to set file creation time on Windows"
optional = false
python-versions = ">=3.5"
files = [
    {file = "win32_setctime-1.1.0-py3-none-any.whl", hash = "sha256:231db239e959c2fe7eb1d7dc129f11172354f98361c4fa2d6d2d7e278baa8aad"},
    {file = "win32_setctime-1.1.0.tar.gz", hash = "sha256:15cf5750465118d6929ae4de4eb46e8edae9a5634350c01ba582df868e932cb2"},
]

[package.extras]
dev = ["black (>=19.3b0)", "pytest (>=4.6.2)"]

[metadata]
lock-version = "2.0"
python-versions = "~3.11"
content-hash = "7fbdacab996eb7c69779fb67fd2169f30e6ec90598d47b6795f47de604d064c4"
